// !$*UTF8*$!
{
	archiveVersion = 1;
	classes = {
	};
	objectVersion = 50;
	objects = {

/* Begin PBXBuildFile section */
		F492F43925F40D2600391F82 /* CreationViewController.swift in Sources */ = {isa = PBXBuildFile; fileRef = F492F43825F40D2600391F82 /* CreationViewController.swift */; };
		F4F4351B25E195DD0020D8D3 /* AppDelegate.swift in Sources */ = {isa = PBXBuildFile; fileRef = F4F4351A25E195DD0020D8D3 /* AppDelegate.swift */; };
		F4F4351D25E195DD0020D8D3 /* SceneDelegate.swift in Sources */ = {isa = PBXBuildFile; fileRef = F4F4351C25E195DD0020D8D3 /* SceneDelegate.swift */; };
		F4F4351F25E195DD0020D8D3 /* ViewController.swift in Sources */ = {isa = PBXBuildFile; fileRef = F4F4351E25E195DD0020D8D3 /* ViewController.swift */; };
		F4F4352225E195DD0020D8D3 /* Main.storyboard in Resources */ = {isa = PBXBuildFile; fileRef = F4F4352025E195DD0020D8D3 /* Main.storyboard */; };
		F4F4352425E195DE0020D8D3 /* Assets.xcassets in Resources */ = {isa = PBXBuildFile; fileRef = F4F4352325E195DE0020D8D3 /* Assets.xcassets */; };
		F4F4352725E195DE0020D8D3 /* LaunchScreen.storyboard in Resources */ = {isa = PBXBuildFile; fileRef = F4F4352525E195DE0020D8D3 /* LaunchScreen.storyboard */; };
		F4F4353225E195DE0020D8D3 /* FlashcardsTests.swift in Sources */ = {isa = PBXBuildFile; fileRef = F4F4353125E195DE0020D8D3 /* FlashcardsTests.swift */; };
		F4F4353D25E195DE0020D8D3 /* FlashcardsUITests.swift in Sources */ = {isa = PBXBuildFile; fileRef = F4F4353C25E195DE0020D8D3 /* FlashcardsUITests.swift */; };
/* End PBXBuildFile section */

/* Begin PBXContainerItemProxy section */
		F4F4352E25E195DE0020D8D3 /* PBXContainerItemProxy */ = {
			isa = PBXContainerItemProxy;
			containerPortal = F4F4350F25E195DD0020D8D3 /* Project object */;
			proxyType = 1;
			remoteGlobalIDString = F4F4351625E195DD0020D8D3;
			remoteInfo = Flashcards;
		};
		F4F4353925E195DE0020D8D3 /* PBXContainerItemProxy */ = {
			isa = PBXContainerItemProxy;
			containerPortal = F4F4350F25E195DD0020D8D3 /* Project object */;
			proxyType = 1;
			remoteGlobalIDString = F4F4351625E195DD0020D8D3;
			remoteInfo = Flashcards;
		};
/* End PBXContainerItemProxy section */

/* Begin PBXFileReference section */
		F492F43825F40D2600391F82 /* CreationViewController.swift */ = {isa = PBXFileReference; lastKnownFileType = sourcecode.swift; path = CreationViewController.swift; sourceTree = "<group>"; };
		F4F4351725E195DD0020D8D3 /* Flashcards.app */ = {isa = PBXFileReference; explicitFileType = wrapper.application; includeInIndex = 0; path = Flashcards.app; sourceTree = BUILT_PRODUCTS_DIR; };
		F4F4351A25E195DD0020D8D3 /* AppDelegate.swift */ = {isa = PBXFileReference; lastKnownFileType = sourcecode.swift; path = AppDelegate.swift; sourceTree = "<group>"; };
		F4F4351C25E195DD0020D8D3 /* SceneDelegate.swift */ = {isa = PBXFileReference; lastKnownFileType = sourcecode.swift; path = SceneDelegate.swift; sourceTree = "<group>"; };
		F4F4351E25E195DD0020D8D3 /* ViewController.swift */ = {isa = PBXFileReference; lastKnownFileType = sourcecode.swift; path = ViewController.swift; sourceTree = "<group>"; };
		F4F4352125E195DD0020D8D3 /* Base */ = {isa = PBXFileReference; lastKnownFileType = file.storyboard; name = Base; path = Base.lproj/Main.storyboard; sourceTree = "<group>"; };
		F4F4352325E195DE0020D8D3 /* Assets.xcassets */ = {isa = PBXFileReference; lastKnownFileType = folder.assetcatalog; path = Assets.xcassets; sourceTree = "<group>"; };
		F4F4352625E195DE0020D8D3 /* Base */ = {isa = PBXFileReference; lastKnownFileType = file.storyboard; name = Base; path = Base.lproj/LaunchScreen.storyboard; sourceTree = "<group>"; };
		F4F4352825E195DE0020D8D3 /* Info.plist */ = {isa = PBXFileReference; lastKnownFileType = text.plist.xml; path = Info.plist; sourceTree = "<group>"; };
		F4F4352D25E195DE0020D8D3 /* FlashcardsTests.xctest */ = {isa = PBXFileReference; explicitFileType = wrapper.cfbundle; includeInIndex = 0; path = FlashcardsTests.xctest; sourceTree = BUILT_PRODUCTS_DIR; };
		F4F4353125E195DE0020D8D3 /* FlashcardsTests.swift */ = {isa = PBXFileReference; lastKnownFileType = sourcecode.swift; path = FlashcardsTests.swift; sourceTree = "<group>"; };
		F4F4353325E195DE0020D8D3 /* Info.plist */ = {isa = PBXFileReference; lastKnownFileType = text.plist.xml; path = Info.plist; sourceTree = "<group>"; };
		F4F4353825E195DE0020D8D3 /* FlashcardsUITests.xctest */ = {isa = PBXFileReference; explicitFileType = wrapper.cfbundle; includeInIndex = 0; path = FlashcardsUITests.xctest; sourceTree = BUILT_PRODUCTS_DIR; };
		F4F4353C25E195DE0020D8D3 /* FlashcardsUITests.swift */ = {isa = PBXFileReference; lastKnownFileType = sourcecode.swift; path = FlashcardsUITests.swift; sourceTree = "<group>"; };
		F4F4353E25E195DE0020D8D3 /* Info.plist */ = {isa = PBXFileReference; lastKnownFileType = text.plist.xml; path = Info.plist; sourceTree = "<group>"; };
/* End PBXFileReference section */

/* Begin PBXFrameworksBuildPhase section */
		F4F4351425E195DD0020D8D3 /* Frameworks */ = {
			isa = PBXFrameworksBuildPhase;
			buildActionMask = 2147483647;
			files = (
			);
			runOnlyForDeploymentPostprocessing = 0;
		};
		F4F4352A25E195DE0020D8D3 /* Frameworks */ = {
			isa = PBXFrameworksBuildPhase;
			buildActionMask = 2147483647;
			files = (
			);
			runOnlyForDeploymentPostprocessing = 0;
		};
		F4F4353525E195DE0020D8D3 /* Frameworks */ = {
			isa = PBXFrameworksBuildPhase;
			buildActionMask = 2147483647;
			files = (
			);
			runOnlyForDeploymentPostprocessing = 0;
		};
/* End PBXFrameworksBuildPhase section */

/* Begin PBXGroup section */
		F4F4350E25E195DD0020D8D3 = {
			isa = PBXGroup;
			children = (
				F4F4351925E195DD0020D8D3 /* Flashcards */,
				F4F4353025E195DE0020D8D3 /* FlashcardsTests */,
				F4F4353B25E195DE0020D8D3 /* FlashcardsUITests */,
				F4F4351825E195DD0020D8D3 /* Products */,
			);
			sourceTree = "<group>";
		};
		F4F4351825E195DD0020D8D3 /* Products */ = {
			isa = PBXGroup;
			children = (
				F4F4351725E195DD0020D8D3 /* Flashcards.app */,
				F4F4352D25E195DE0020D8D3 /* FlashcardsTests.xctest */,
				F4F4353825E195DE0020D8D3 /* FlashcardsUITests.xctest */,
			);
			name = Products;
			sourceTree = "<group>";
		};
		F4F4351925E195DD0020D8D3 /* Flashcards */ = {
			isa = PBXGroup;
			children = (
				F4F4351A25E195DD0020D8D3 /* AppDelegate.swift */,
				F4F4351C25E195DD0020D8D3 /* SceneDelegate.swift */,
				F4F4351E25E195DD0020D8D3 /* ViewController.swift */,
				F4F4352025E195DD0020D8D3 /* Main.storyboard */,
				F492F43825F40D2600391F82 /* CreationViewController.swift */,
				F4F4352325E195DE0020D8D3 /* Assets.xcassets */,
				F4F4352525E195DE0020D8D3 /* LaunchScreen.storyboard */,
				F4F4352825E195DE0020D8D3 /* Info.plist */,
			);
			path = Flashcards;
			sourceTree = "<group>";
		};
		F4F4353025E195DE0020D8D3 /* FlashcardsTests */ = {
			isa = PBXGroup;
			children = (
				F4F4353125E195DE0020D8D3 /* FlashcardsTests.swift */,
				F4F4353325E195DE0020D8D3 /* Info.plist */,
			);
			path = FlashcardsTests;
			sourceTree = "<group>";
		};
		F4F4353B25E195DE0020D8D3 /* FlashcardsUITests */ = {
			isa = PBXGroup;
			children = (
				F4F4353C25E195DE0020D8D3 /* FlashcardsUITests.swift */,
				F4F4353E25E195DE0020D8D3 /* Info.plist */,
			);
			path = FlashcardsUITests;
			sourceTree = "<group>";
		};
/* End PBXGroup section */

/* Begin PBXNativeTarget section */
		F4F4351625E195DD0020D8D3 /* Flashcards */ = {
			isa = PBXNativeTarget;
			buildConfigurationList = F4F4354125E195DE0020D8D3 /* Build configuration list for PBXNativeTarget "Flashcards" */;
			buildPhases = (
				F4F4351325E195DD0020D8D3 /* Sources */,
				F4F4351425E195DD0020D8D3 /* Frameworks */,
				F4F4351525E195DD0020D8D3 /* Resources */,
			);
			buildRules = (
			);
			dependencies = (
			);
			name = Flashcards;
			productName = Flashcards;
			productReference = F4F4351725E195DD0020D8D3 /* Flashcards.app */;
			productType = "com.apple.product-type.application";
		};
		F4F4352C25E195DE0020D8D3 /* FlashcardsTests */ = {
			isa = PBXNativeTarget;
			buildConfigurationList = F4F4354425E195DE0020D8D3 /* Build configuration list for PBXNativeTarget "FlashcardsTests" */;
			buildPhases = (
				F4F4352925E195DE0020D8D3 /* Sources */,
				F4F4352A25E195DE0020D8D3 /* Frameworks */,
				F4F4352B25E195DE0020D8D3 /* Resources */,
			);
			buildRules = (
			);
			dependencies = (
				F4F4352F25E195DE0020D8D3 /* PBXTargetDependency */,
			);
			name = FlashcardsTests;
			productName = FlashcardsTests;
			productReference = F4F4352D25E195DE0020D8D3 /* FlashcardsTests.xctest */;
			productType = "com.apple.product-type.bundle.unit-test";
		};
		F4F4353725E195DE0020D8D3 /* FlashcardsUITests */ = {
			isa = PBXNativeTarget;
			buildConfigurationList = F4F4354725E195DE0020D8D3 /* Build configuration list for PBXNativeTarget "FlashcardsUITests" */;
			buildPhases = (
				F4F4353425E195DE0020D8D3 /* Sources */,
				F4F4353525E195DE0020D8D3 /* Frameworks */,
				F4F4353625E195DE0020D8D3 /* Resources */,
			);
			buildRules = (
			);
			dependencies = (
				F4F4353A25E195DE0020D8D3 /* PBXTargetDependency */,
			);
			name = FlashcardsUITests;
			productName = FlashcardsUITests;
			productReference = F4F4353825E195DE0020D8D3 /* FlashcardsUITests.xctest */;
			productType = "com.apple.product-type.bundle.ui-testing";
		};
/* End PBXNativeTarget section */

/* Begin PBXProject section */
		F4F4350F25E195DD0020D8D3 /* Project object */ = {
			isa = PBXProject;
			attributes = {
				LastSwiftUpdateCheck = 1240;
				LastUpgradeCheck = 1240;
				TargetAttributes = {
					F4F4351625E195DD0020D8D3 = {
						CreatedOnToolsVersion = 12.4;
					};
					F4F4352C25E195DE0020D8D3 = {
						CreatedOnToolsVersion = 12.4;
						TestTargetID = F4F4351625E195DD0020D8D3;
					};
					F4F4353725E195DE0020D8D3 = {
						CreatedOnToolsVersion = 12.4;
						TestTargetID = F4F4351625E195DD0020D8D3;
					};
				};
			};
			buildConfigurationList = F4F4351225E195DD0020D8D3 /* Build configuration list for PBXProject "Flashcards" */;
			compatibilityVersion = "Xcode 9.3";
			developmentRegion = en;
			hasScannedForEncodings = 0;
			knownRegions = (
				en,
				Base,
			);
			mainGroup = F4F4350E25E195DD0020D8D3;
			productRefGroup = F4F4351825E195DD0020D8D3 /* Products */;
			projectDirPath = "";
			projectRoot = "";
			targets = (
				F4F4351625E195DD0020D8D3 /* Flashcards */,
				F4F4352C25E195DE0020D8D3 /* FlashcardsTests */,
				F4F4353725E195DE0020D8D3 /* FlashcardsUITests */,
			);
		};
/* End PBXProject section */

/* Begin PBXResourcesBuildPhase section */
		F4F4351525E195DD0020D8D3 /* Resources */ = {
			isa = PBXResourcesBuildPhase;
			buildActionMask = 2147483647;
			files = (
				F4F4352725E195DE0020D8D3 /* LaunchScreen.storyboard in Resources */,
				F4F4352425E195DE0020D8D3 /* Assets.xcassets in Resources */,
				F4F4352225E195DD0020D8D3 /* Main.storyboard in Resources */,
			);
			runOnlyForDeploymentPostprocessing = 0;
		};
		F4F4352B25E195DE0020D8D3 /* Resources */ = {
			isa = PBXResourcesBuildPhase;
			buildActionMask = 2147483647;
			files = (
			);
			runOnlyForDeploymentPostprocessing = 0;
		};
		F4F4353625E195DE0020D8D3 /* Resources */ = {
			isa = PBXResourcesBuildPhase;
			buildActionMask = 2147483647;
			files = (
			);
			runOnlyForDeploymentPostprocessing = 0;
		};
/* End PBXResourcesBuildPhase section */

/* Begin PBXSourcesBuildPhase section */
		F4F4351325E195DD0020D8D3 /* Sources */ = {
			isa = PBXSourcesBuildPhase;
			buildActionMask = 2147483647;
			files = (
				F4F4351F25E195DD0020D8D3 /* ViewController.swift in Sources */,
				F4F4351B25E195DD0020D8D3 /* AppDelegate.swift in Sources */,
				F4F4351D25E195DD0020D8D3 /* SceneDelegate.swift in Sources */,
				F492F43925F40D2600391F82 /* CreationViewController.swift in Sources */,
			);
			runOnlyForDeploymentPostprocessing = 0;
		};
		F4F4352925E195DE0020D8D3 /* Sources */ = {
			isa = PBXSourcesBuildPhase;
			buildActionMask = 2147483647;
			files = (
				F4F4353225E195DE0020D8D3 /* FlashcardsTests.swift in Sources */,
			);
			runOnlyForDeploymentPostprocessing = 0;
		};
		F4F4353425E195DE0020D8D3 /* Sources */ = {
			isa = PBXSourcesBuildPhase;
			buildActionMask = 2147483647;
			files = (
				F4F4353D25E195DE0020D8D3 /* FlashcardsUITests.swift in Sources */,
			);
			runOnlyForDeploymentPostprocessing = 0;
		};
/* End PBXSourcesBuildPhase section */

/* Begin PBXTargetDependency section */
		F4F4352F25E195DE0020D8D3 /* PBXTargetDependency */ = {
			isa = PBXTargetDependency;
			target = F4F4351625E195DD0020D8D3 /* Flashcards */;
			targetProxy = F4F4352E25E195DE0020D8D3 /* PBXContainerItemProxy */;
		};
		F4F4353A25E195DE0020D8D3 /* PBXTargetDependency */ = {
			isa = PBXTargetDependency;
			target = F4F4351625E195DD0020D8D3 /* Flashcards */;
			targetProxy = F4F4353925E195DE0020D8D3 /* PBXContainerItemProxy */;
		};
/* End PBXTargetDependency section */

/* Begin PBXVariantGroup section */
		F4F4352025E195DD0020D8D3 /* Main.storyboard */ = {
			isa = PBXVariantGroup;
			children = (
				F4F4352125E195DD0020D8D3 /* Base */,
			);
			name = Main.storyboard;
			sourceTree = "<group>";
		};
		F4F4352525E195DE0020D8D3 /* LaunchScreen.storyboard */ = {
			isa = PBXVariantGroup;
			children = (
				F4F4352625E195DE0020D8D3 /* Base */,
			);
			name = LaunchScreen.storyboard;
			sourceTree = "<group>";
		};
/* End PBXVariantGroup section */

/* Begin XCBuildConfiguration section */
		F4F4353F25E195DE0020D8D3 /* Debug */ = {
			isa = XCBuildConfiguration;
			buildSettings = {
				ALWAYS_SEARCH_USER_PATHS = NO;
				CLANG_ANALYZER_NONNULL = YES;
				CLANG_ANALYZER_NUMBER_OBJECT_CONVERSION = YES_AGGRESSIVE;
				CLANG_CXX_LANGUAGE_STANDARD = "gnu++14";
				CLANG_CXX_LIBRARY = "libc++";
				CLANG_ENABLE_MODULES = YES;
				CLANG_ENABLE_OBJC_ARC = YES;
				CLANG_ENABLE_OBJC_WEAK = YES;
				CLANG_WARN_BLOCK_CAPTURE_AUTORELEASING = YES;
				CLANG_WARN_BOOL_CONVERSION = YES;
				CLANG_WARN_COMMA = YES;
				CLANG_WARN_CONSTANT_CONVERSION = YES;
				CLANG_WARN_DEPRECATED_OBJC_IMPLEMENTATIONS = YES;
				CLANG_WARN_DIRECT_OBJC_ISA_USAGE = YES_ERROR;
				CLANG_WARN_DOCUMENTATION_COMMENTS = YES;
				CLANG_WARN_EMPTY_BODY = YES;
				CLANG_WARN_ENUM_CONVERSION = YES;
				CLANG_WARN_INFINITE_RECURSION = YES;
				CLANG_WARN_INT_CONVERSION = YES;
				CLANG_WARN_NON_LITERAL_NULL_CONVERSION = YES;
				CLANG_WARN_OBJC_IMPLICIT_RETAIN_SELF = YES;
				CLANG_WARN_OBJC_LITERAL_CONVERSION = YES;
				CLANG_WARN_OBJC_ROOT_CLASS = YES_ERROR;
				CLANG_WARN_QUOTED_INCLUDE_IN_FRAMEWORK_HEADER = YES;
				CLANG_WARN_RANGE_LOOP_ANALYSIS = YES;
				CLANG_WARN_STRICT_PROTOTYPES = YES;
				CLANG_WARN_SUSPICIOUS_MOVE = YES;
				CLANG_WARN_UNGUARDED_AVAILABILITY = YES_AGGRESSIVE;
				CLANG_WARN_UNREACHABLE_CODE = YES;
				CLANG_WARN__DUPLICATE_METHOD_MATCH = YES;
				COPY_PHASE_STRIP = NO;
				DEBUG_INFORMATION_FORMAT = dwarf;
				ENABLE_STRICT_OBJC_MSGSEND = YES;
				ENABLE_TESTABILITY = YES;
				GCC_C_LANGUAGE_STANDARD = gnu11;
				GCC_DYNAMIC_NO_PIC = NO;
				GCC_NO_COMMON_BLOCKS = YES;
				GCC_OPTIMIZATION_LEVEL = 0;
				GCC_PREPROCESSOR_DEFINITIONS = (
					"DEBUG=1",
					"$(inherited)",
				);
				GCC_WARN_64_TO_32_BIT_CONVERSION = YES;
				GCC_WARN_ABOUT_RETURN_TYPE = YES_ERROR;
				GCC_WARN_UNDECLARED_SELECTOR = YES;
				GCC_WARN_UNINITIALIZED_AUTOS = YES_AGGRESSIVE;
				GCC_WARN_UNUSED_FUNCTION = YES;
				GCC_WARN_UNUSED_VARIABLE = YES;
				IPHONEOS_DEPLOYMENT_TARGET = 14.4;
				MTL_ENABLE_DEBUG_INFO = INCLUDE_SOURCE;
				MTL_FAST_MATH = YES;
				ONLY_ACTIVE_ARCH = YES;
				SDKROOT = iphoneos;
				SWIFT_ACTIVE_COMPILATION_CONDITIONS = DEBUG;
				SWIFT_OPTIMIZATION_LEVEL = "-Onone";
			};
			name = Debug;
		};
		F4F4354025E195DE0020D8D3 /* Release */ = {
			isa = XCBuildConfiguration;
			buildSettings = {
				ALWAYS_SEARCH_USER_PATHS = NO;
				CLANG_ANALYZER_NONNULL = YES;
				CLANG_ANALYZER_NUMBER_OBJECT_CONVERSION = YES_AGGRESSIVE;
				CLANG_CXX_LANGUAGE_STANDARD = "gnu++14";
				CLANG_CXX_LIBRARY = "libc++";
				CLANG_ENABLE_MODULES = YES;
				CLANG_ENABLE_OBJC_ARC = YES;
				CLANG_ENABLE_OBJC_WEAK = YES;
				CLANG_WARN_BLOCK_CAPTURE_AUTORELEASING = YES;
				CLANG_WARN_BOOL_CONVERSION = YES;
				CLANG_WARN_COMMA = YES;
				CLANG_WARN_CONSTANT_CONVERSION = YES;
				CLANG_WARN_DEPRECATED_OBJC_IMPLEMENTATIONS = YES;
				CLANG_WARN_DIRECT_OBJC_ISA_USAGE = YES_ERROR;
				CLANG_WARN_DOCUMENTATION_COMMENTS = YES;
				CLANG_WARN_EMPTY_BODY = YES;
				CLANG_WARN_ENUM_CONVERSION = YES;
				CLANG_WARN_INFINITE_RECURSION = YES;
				CLANG_WARN_INT_CONVERSION = YES;
				CLANG_WARN_NON_LITERAL_NULL_CONVERSION = YES;
				CLANG_WARN_OBJC_IMPLICIT_RETAIN_SELF = YES;
				CLANG_WARN_OBJC_LITERAL_CONVERSION = YES;
				CLANG_WARN_OBJC_ROOT_CLASS = YES_ERROR;
				CLANG_WARN_QUOTED_INCLUDE_IN_FRAMEWORK_HEADER = YES;
				CLANG_WARN_RANGE_LOOP_ANALYSIS = YES;
				CLANG_WARN_STRICT_PROTOTYPES = YES;
				CLANG_WARN_SUSPICIOUS_MOVE = YES;
				CLANG_WARN_UNGUARDED_AVAILABILITY = YES_AGGRESSIVE;
				CLANG_WARN_UNREACHABLE_CODE = YES;
				CLANG_WARN__DUPLICATE_METHOD_MATCH = YES;
				COPY_PHASE_STRIP = NO;
				DEBUG_INFORMATION_FORMAT = "dwarf-with-dsym";
				ENABLE_NS_ASSERTIONS = NO;
				ENABLE_STRICT_OBJC_MSGSEND = YES;
				GCC_C_LANGUAGE_STANDARD = gnu11;
				GCC_NO_COMMON_BLOCKS = YES;
				GCC_WARN_64_TO_32_BIT_CONVERSION = YES;
				GCC_WARN_ABOUT_RETURN_TYPE = YES_ERROR;
				GCC_WARN_UNDECLARED_SELECTOR = YES;
				GCC_WARN_UNINITIALIZED_AUTOS = YES_AGGRESSIVE;
				GCC_WARN_UNUSED_FUNCTION = YES;
				GCC_WARN_UNUSED_VARIABLE = YES;
				IPHONEOS_DEPLOYMENT_TARGET = 14.4;
				MTL_ENABLE_DEBUG_INFO = NO;
				MTL_FAST_MATH = YES;
				SDKROOT = iphoneos;
				SWIFT_COMPILATION_MODE = wholemodule;
				SWIFT_OPTIMIZATION_LEVEL = "-O";
				VALIDATE_PRODUCT = YES;
			};
			name = Release;
		};
		F4F4354225E195DE0020D8D3 /* Debug */ = {
			isa = XCBuildConfiguration;
			buildSettings = {
				ASSETCATALOG_COMPILER_APPICON_NAME = AppIcon;
				ASSETCATALOG_COMPILER_GLOBAL_ACCENT_COLOR_NAME = AccentColor;
				CODE_SIGN_STYLE = Automatic;
				INFOPLIST_FILE = Flashcards/Info.plist;
				LD_RUNPATH_SEARCH_PATHS = (
					"$(inherited)",
					"@executable_path/Frameworks",
				);
				PRODUCT_BUNDLE_IDENTIFIER = com.cierra.Flashcards;
				PRODUCT_NAME = "$(TARGET_NAME)";
				SWIFT_VERSION = 5.0;
				TARGETED_DEVICE_FAMILY = "1,2";
			};
			name = Debug;
		};
		F4F4354325E195DE0020D8D3 /* Release */ = {
			isa = XCBuildConfiguration;
			buildSettings = {
				ASSETCATALOG_COMPILER_APPICON_NAME = AppIcon;
				ASSETCATALOG_COMPILER_GLOBAL_ACCENT_COLOR_NAME = AccentColor;
				CODE_SIGN_STYLE = Automatic;
				INFOPLIST_FILE = Flashcards/Info.plist;
				LD_RUNPATH_SEARCH_PATHS = (
					"$(inherited)",
					"@executable_path/Frameworks",
				);
				PRODUCT_BUNDLE_IDENTIFIER = com.cierra.Flashcards;
				PRODUCT_NAME = "$(TARGET_NAME)";
				SWIFT_VERSION = 5.0;
				TARGETED_DEVICE_FAMILY = "1,2";
			};
			name = Release;
		};
		F4F4354525E195DE0020D8D3 /* Debug */ = {
			isa = XCBuildConfiguration;
			buildSettings = {
				ALWAYS_EMBED_SWIFT_STANDARD_LIBRARIES = YES;
				BUNDLE_LOADER = "$(TEST_HOST)";
				CODE_SIGN_STYLE = Automatic;
				INFOPLIST_FILE = FlashcardsTests/Info.plist;
				IPHONEOS_DEPLOYMENT_TARGET = 14.4;
				LD_RUNPATH_SEARCH_PATHS = (
					"$(inherited)",
					"@executable_path/Frameworks",
					"@loader_path/Frameworks",
				);
				PRODUCT_BUNDLE_IDENTIFIER = com.cierra.FlashcardsTests;
				PRODUCT_NAME = "$(TARGET_NAME)";
				SWIFT_VERSION = 5.0;
				TARGETED_DEVICE_FAMILY = "1,2";
				TEST_HOST = "$(BUILT_PRODUCTS_DIR)/Flashcards.app/Flashcards";
			};
			name = Debug;
		};
		F4F4354625E195DE0020D8D3 /* Release */ = {
			isa = XCBuildConfiguration;
			buildSettings = {
				ALWAYS_EMBED_SWIFT_STANDARD_LIBRARIES = YES;
				BUNDLE_LOADER = "$(TEST_HOST)";
				CODE_SIGN_STYLE = Automatic;
				INFOPLIST_FILE = FlashcardsTests/Info.plist;
				IPHONEOS_DEPLOYMENT_TARGET = 14.4;
				LD_RUNPATH_SEARCH_PATHS = (
					"$(inherited)",
					"@executable_path/Frameworks",
					"@loader_path/Frameworks",
				);
				PRODUCT_BUNDLE_IDENTIFIER = com.cierra.FlashcardsTests;
				PRODUCT_NAME = "$(TARGET_NAME)";
				SWIFT_VERSION = 5.0;
				TARGETED_DEVICE_FAMILY = "1,2";
				TEST_HOST = "$(BUILT_PRODUCTS_DIR)/Flashcards.app/Flashcards";
			};
			name = Release;
		};
		F4F4354825E195DE0020D8D3 /* Debug */ = {
			isa = XCBuildConfiguration;
			buildSettings = {
				ALWAYS_EMBED_SWIFT_STANDARD_LIBRARIES = YES;
				CODE_SIGN_STYLE = Automatic;
				INFOPLIST_FILE = FlashcardsUITests/Info.plist;
				LD_RUNPATH_SEARCH_PATHS = (
					"$(inherited)",
					"@executable_path/Frameworks",
					"@loader_path/Frameworks",
				);
				PRODUCT_BUNDLE_IDENTIFIER = com.cierra.FlashcardsUITests;
				PRODUCT_NAME = "$(TARGET_NAME)";
				SWIFT_VERSION = 5.0;
				TARGETED_DEVICE_FAMILY = "1,2";
				TEST_TARGET_NAME = Flashcards;
			};
			name = Debug;
		};
		F4F4354925E195DE0020D8D3 /* Release */ = {
			isa = XCBuildConfiguration;
			buildSettings = {
				ALWAYS_EMBED_SWIFT_STANDARD_LIBRARIES = YES;
				CODE_SIGN_STYLE = Automatic;
				INFOPLIST_FILE = FlashcardsUITests/Info.plist;
				LD_RUNPATH_SEARCH_PATHS = (
					"$(inherited)",
					"@executable_path/Frameworks",
					"@loader_path/Frameworks",
				);
				PRODUCT_BUNDLE_IDENTIFIER = com.cierra.FlashcardsUITests;
				PRODUCT_NAME = "$(TARGET_NAME)";
				SWIFT_VERSION = 5.0;
				TARGETED_DEVICE_FAMILY = "1,2";
				TEST_TARGET_NAME = Flashcards;
			};
			name = Release;
		};
/* End XCBuildConfiguration section */

/* Begin XCConfigurationList section */
		F4F4351225E195DD0020D8D3 /* Build configuration list for PBXProject "Flashcards" */ = {
			isa = XCConfigurationList;
			buildConfigurations = (
				F4F4353F25E195DE0020D8D3 /* Debug */,
				F4F4354025E195DE0020D8D3 /* Release */,
			);
			defaultConfigurationIsVisible = 0;
			defaultConfigurationName = Release;
		};
		F4F4354125E195DE0020D8D3 /* Build configuration list for PBXNativeTarget "Flashcards" */ = {
			isa = XCConfigurationList;
			buildConfigurations = (
				F4F4354225E195DE0020D8D3 /* Debug */,
				F4F4354325E195DE0020D8D3 /* Release */,
			);
			defaultConfigurationIsVisible = 0;
			defaultConfigurationName = Release;
		};
		F4F4354425E195DE0020D8D3 /* Build configuration list for PBXNativeTarget "FlashcardsTests" */ = {
			isa = XCConfigurationList;
			buildConfigurations = (
				F4F4354525E195DE0020D8D3 /* Debug */,
				F4F4354625E195DE0020D8D3 /* Release */,
			);
			defaultConfigurationIsVisible = 0;
			defaultConfigurationName = Release;
		};
		F4F4354725E195DE0020D8D3 /* Build configuration list for PBXNativeTarget "FlashcardsUITests" */ = {
			isa = XCConfigurationList;
			buildConfigurations = (
				F4F4354825E195DE0020D8D3 /* Debug */,
				F4F4354925E195DE0020D8D3 /* Release */,
			);
			defaultConfigurationIsVisible = 0;
			defaultConfigurationName = Release;
		};
/* End XCConfigurationList section */
	};
	rootObject = F4F4350F25E195DD0020D8D3 /* Project object */;
}
